github.com/davecgh/go-spew v1.1.1/go.mod h1:J7Y8YcW2NihsgmVo/mv3lAwl/skON4iLHjSsI+c5H38=
github.com/konsorten/go-windows-terminal-sequences v1.0.3/go.mod h1:T0+1ngSBFLxvqU3pZ+m/2kptfBszLMUkC4ZK/EgS/cQ=
github.com/onmi-bv/commons v0.0.0-20200714084055-f37dd3da1a82 h1:VTCeDr0lDg/s0Wl50sZzbnet2KokbVHQIBBMietQj8E=
github.com/onmi-bv/commons v0.0.0-20200714091344-4f344a90354c h1:AsjQeHVEjV07aReULvXtIKtjM/7ynBCPffjAqke+w5k=
github.com/onmi-bv/commons/internal/slack v0.0.0-20200714091344-4f344a90354c h1:oUs2Jmlt7Yi+pbKBpGV51kZMUpyKwyp5TF7tIaSzDH8=
github.com/onmi-bv/commons/internal/slack v0.0.0-20200714091344-4f344a90354c/go.mod h1:sH/vsigT3KZcyVOKxUhIUYVwsS9HFDSoO04OkO+nwTg=
github.com/onmi-bv/nimbus v0.0.0-20200214224900-275aa39fd30d h1:Jr8RHscjaPcla8OvXkv1TSFlloFWKjOqIDDq+ztlVCI=
github.com/pmezard/go-difflib v1.0.0/go.mod h1:iKH77koFhYxTK1pcRnkKkqfTogsbg7gZNVY4sRDYZ/4=
github.com/sirupsen/logrus v1.6.0 h1:UBcNElsrwanuuMsnGSlYmtmgbb23qDR5dG+6X6Oo89I=
github.com/sirupsen/logrus v1.6.0/go.mod h1:7uNnSEd1DgxDLC74fIahvMZmmYsHGZGEOFrfsX/uA88=
github.com/stretchr/testify v1.2.2/go.mod h1:a8OnRcib4nhh0OaRAV+Yts87kKdq0PP7pXfy6kDkUVs=
golang.org/x/sys v0.0.0-20190422165155-953cdadca894 h1:Cz4ceDQGXuKRnVBDTS23GTn/pU5OE2C0WrNTOYK1Uuc=
golang.org/x/sys v0.0.0-20190422165155-953cdadca894/go.mod h1:h1NjWce9XRLGQEsW7wpKNCjG9DtNlClVuFLEZdDNbEs=
