github.com/TV4/logrus-stackdriver-formatter v0.1.0 h1:nFea8RiX7ecTnWPM+9FIqwZYJdcGo58CHMGIVdYzMXg=
github.com/TV4/logrus-stackdriver-formatter v0.1.0/go.mod h1:wwS7hOiBvP6SBD0UXCa767+VhHkaXrfX0MzUojYcN0Q=
github.com/davecgh/go-spew v1.1.1/go.mod h1:J7Y8YcW2NihsgmVo/mv3lAwl/skON4iLHjSsI+c5H38=
github.com/evalphobia/logrus_fluent v0.5.4 h1:G4BSBTm7+L+oanWfFtA/A5Y3pvL2OMxviczyZPYO5xc=
github.com/evalphobia/logrus_fluent v0.5.4/go.mod h1:hasyj+CXm3BDP1YhFk/rnTcjlegyqvkokV9A25cQsaA=
github.com/fluent/fluent-logger-golang v1.5.0 h1:wBpSzYjRlzgwwAOw/3ig3Jaxrb5xTJlvBu7TRcgJeCg=
github.com/fluent/fluent-logger-golang v1.5.0/go.mod h1:2/HCT/jTy78yGyeNGQLGQsjF3zzzAuy6Xlk6FCMV5eU=
github.com/go-stack/stack v1.8.0 h1:5SgMzNM5HxrEjV0ww2lTmX6E2Izsfxas4+YHWRs3Lsk=
github.com/go-stack/stack v1.8.0/go.mod h1:v0f6uXyyMGvRgIKkXu+yp6POWl0qKG85gN/melR3HDY=
github.com/konsorten/go-windows-terminal-sequences v1.0.3/go.mod h1:T0+1ngSBFLxvqU3pZ+m/2kptfBszLMUkC4ZK/EgS/cQ=
github.com/onmi-bv/commons v0.0.0-20200714091344-4f344a90354c h1:AsjQeHVEjV07aReULvXtIKtjM/7ynBCPffjAqke+w5k=
github.com/onmi-bv/commons/internal/slack v0.0.0-20200714091344-4f344a90354c h1:oUs2Jmlt7Yi+pbKBpGV51kZMUpyKwyp5TF7tIaSzDH8=
github.com/onmi-bv/commons/internal/slack v0.0.0-20200714091344-4f344a90354c/go.mod h1:sH/vsigT3KZcyVOKxUhIUYVwsS9HFDSoO04OkO+nwTg=
github.com/onmi-bv/commons/internal/slackrus v0.0.0-20200714091344-4f344a90354c h1:6uvi7pPkr9CiVTGehTUbg+0OupDoo8cH+19anrBoFK4=
github.com/onmi-bv/commons/internal/slackrus v0.0.0-20200714091344-4f344a90354c/go.mod h1:Dt5UkFvGRGd0T/eMotnbz3OwWYUPA11F+W4OZVsr6+I=
github.com/philhofer/fwd v1.0.0 h1:UbZqGr5Y38ApvM/V/jEljVxwocdweyH+vmYvRPBnbqQ=
github.com/philhofer/fwd v1.0.0/go.mod h1:gk3iGcWd9+svBvR0sR+KPcfE+RNWozjowpeBVG3ZVNU=
github.com/pmezard/go-difflib v1.0.0/go.mod h1:iKH77koFhYxTK1pcRnkKkqfTogsbg7gZNVY4sRDYZ/4=
github.com/sirupsen/logrus v1.6.0 h1:UBcNElsrwanuuMsnGSlYmtmgbb23qDR5dG+6X6Oo89I=
github.com/sirupsen/logrus v1.6.0/go.mod h1:7uNnSEd1DgxDLC74fIahvMZmmYsHGZGEOFrfsX/uA88=
github.com/stretchr/testify v1.2.2/go.mod h1:a8OnRcib4nhh0OaRAV+Yts87kKdq0PP7pXfy6kDkUVs=
github.com/tinylib/msgp v1.1.2 h1:gWmO7n0Ys2RBEb7GPYB9Ujq8Mk5p2U08lRnmMcGy6BQ=
github.com/tinylib/msgp v1.1.2/go.mod h1:+d+yLhGm8mzTaHzB+wgMYrodPfmZrzkirds8fDWklFE=
golang.org/x/sys v0.0.0-20190422165155-953cdadca894 h1:Cz4ceDQGXuKRnVBDTS23GTn/pU5OE2C0WrNTOYK1Uuc=
golang.org/x/sys v0.0.0-20190422165155-953cdadca894/go.mod h1:h1NjWce9XRLGQEsW7wpKNCjG9DtNlClVuFLEZdDNbEs=
